schema: '2.0'
stages:
  data_ingestion:
    cmd: python src/data_ingestion.py
    deps:
    - path: src/data_ingestion.py
      hash: md5
      md5: c9cff6e542ac494fba8d6ce01f663324
      size: 3817
    params:
      params.yaml:
        data_ingestion.test_size: 0.3
    outs:
    - path: data/raw
      hash: md5
      md5: d26befd2dda9438254177d9000d9ba1f.dir
      size: 484846
      nfiles: 2
  data_preprocessing:
    cmd: python src/data_preprocessing.py
    deps:
    - path: data/raw
      hash: md5
      md5: d26befd2dda9438254177d9000d9ba1f.dir
      size: 484846
      nfiles: 2
    - path: src/data_preprocessing.py
      hash: md5
      md5: ae0059b79590609927f72e3c373f1865
      size: 3973
    outs:
    - path: data/interim
      hash: md5
      md5: 61ca13b2e20854a1f7bacbbcfeca409e.dir
      size: 262513
      nfiles: 2
  feature_engineering:
    cmd: python src/feature_engineering.py
    deps:
    - path: data/interim
      hash: md5
      md5: 61ca13b2e20854a1f7bacbbcfeca409e.dir
      size: 262513
      nfiles: 2
    - path: src/feature_engineering.py
      hash: md5
      md5: aa8538657b9e5ef2563222c86d9e3bb2
      size: 3908
    params:
      params.yaml:
        feature_engineering.max_features: 34
    outs:
    - path: data/processed
      hash: md5
      md5: af65678b0b578477f652d15aaadc4f75.dir
      size: 817403
      nfiles: 2
  model_building:
    cmd: python src/model_building.py
    deps:
    - path: data/processed
      hash: md5
      md5: af65678b0b578477f652d15aaadc4f75.dir
      size: 817403
      nfiles: 2
    - path: src/model_building.py
      hash: md5
      md5: b791dd5adad5a53390679756c1dbeb80
      size: 4481
    params:
      params.yaml:
        model_building.n_estimators: 24
        model_building.random_state: 2
    outs:
    - path: models/model.pkl
      hash: md5
      md5: 6c30047dba5d540198fa3b52cbe1d4d9
      size: 706511
  model_evaluation:
    cmd: python src/model_evaluation.py
    deps:
    - path: models/model.pkl
      hash: md5
      md5: 6c30047dba5d540198fa3b52cbe1d4d9
      size: 706511
    - path: src/model_evaluation.py
      hash: md5
      md5: 553abb63c25d201ab4732efe779df04d
      size: 4639
